// !$*UTF8*$!
{
	archiveVersion = 1;
	classes = {
	};
	objectVersion = 50;
	objects = {

/* Begin PBXBuildFile section */
		20301DEF2553463900C7223F /* ContentView.swift in Sources */ = {isa = PBXBuildFile; fileRef = 20301DEE2553463900C7223F /* ContentView.swift */; };
		20301DF12553463C00C7223F /* Assets.xcassets in Resources */ = {isa = PBXBuildFile; fileRef = 20301DF02553463C00C7223F /* Assets.xcassets */; };
		20301DF42553463C00C7223F /* Preview Assets.xcassets in Resources */ = {isa = PBXBuildFile; fileRef = 20301DF32553463C00C7223F /* Preview Assets.xcassets */; };
		20301DF72553463C00C7223F /* LaunchScreen.storyboard in Resources */ = {isa = PBXBuildFile; fileRef = 20301DF52553463C00C7223F /* LaunchScreen.storyboard */; };
		20301E002553474800C7223F /* AppDelegate.swift in Sources */ = {isa = PBXBuildFile; fileRef = 20301DFF2553474800C7223F /* AppDelegate.swift */; };
		20301E042553478100C7223F /* SceneDelegate.swift in Sources */ = {isa = PBXBuildFile; fileRef = 20301E032553478100C7223F /* SceneDelegate.swift */; };
		20301E0F255347E200C7223F /* FeatureCard.swift in Sources */ = {isa = PBXBuildFile; fileRef = 20301E08255347E200C7223F /* FeatureCard.swift */; };
		20301E10255347E200C7223F /* RotatedBadgeSymbol.swift in Sources */ = {isa = PBXBuildFile; fileRef = 20301E09255347E200C7223F /* RotatedBadgeSymbol.swift */; };
		20301E11255347E200C7223F /* MapView.swift in Sources */ = {isa = PBXBuildFile; fileRef = 20301E0A255347E200C7223F /* MapView.swift */; };
		20301E12255347E200C7223F /* CircleImage.swift in Sources */ = {isa = PBXBuildFile; fileRef = 20301E0B255347E200C7223F /* CircleImage.swift */; };
		20301E13255347E200C7223F /* BadgeSymbol.swift in Sources */ = {isa = PBXBuildFile; fileRef = 20301E0C255347E200C7223F /* BadgeSymbol.swift */; };
		20301E14255347E200C7223F /* BadgeBackground.swift in Sources */ = {isa = PBXBuildFile; fileRef = 20301E0D255347E200C7223F /* BadgeBackground.swift */; };
		20301E15255347E200C7223F /* Badge.swift in Sources */ = {isa = PBXBuildFile; fileRef = 20301E0E255347E200C7223F /* Badge.swift */; };
		20301E1E2553480F00C7223F /* GraphCapsule.swift in Sources */ = {isa = PBXBuildFile; fileRef = 20301E182553480F00C7223F /* GraphCapsule.swift */; };
		20301E1F2553480F00C7223F /* HikeGraph.swift in Sources */ = {isa = PBXBuildFile; fileRef = 20301E192553480F00C7223F /* HikeGraph.swift */; };
		20301E202553480F00C7223F /* HikeBadge.swift in Sources */ = {isa = PBXBuildFile; fileRef = 20301E1A2553480F00C7223F /* HikeBadge.swift */; };
		20301E212553480F00C7223F /* HikeDetail.swift in Sources */ = {isa = PBXBuildFile; fileRef = 20301E1B2553480F00C7223F /* HikeDetail.swift */; };
		20301E222553480F00C7223F /* HexagonParameters.swift in Sources */ = {isa = PBXBuildFile; fileRef = 20301E1C2553480F00C7223F /* HexagonParameters.swift */; };
		20301E232553480F00C7223F /* HikeView.swift in Sources */ = {isa = PBXBuildFile; fileRef = 20301E1D2553480F00C7223F /* HikeView.swift */; };
		20301E2B2553483700C7223F /* Data.swift in Sources */ = {isa = PBXBuildFile; fileRef = 20301E262553483700C7223F /* Data.swift */; };
		20301E2C2553483700C7223F /* Profile.swift in Sources */ = {isa = PBXBuildFile; fileRef = 20301E272553483700C7223F /* Profile.swift */; };
		20301E2D2553483700C7223F /* UserData.swift in Sources */ = {isa = PBXBuildFile; fileRef = 20301E282553483700C7223F /* UserData.swift */; };
		20301E2E2553483700C7223F /* Hike.swift in Sources */ = {isa = PBXBuildFile; fileRef = 20301E292553483700C7223F /* Hike.swift */; };
		20301E2F2553483700C7223F /* Landmark.swift in Sources */ = {isa = PBXBuildFile; fileRef = 20301E2A2553483700C7223F /* Landmark.swift */; };
		20301E372553483F00C7223F /* PageControl.swift in Sources */ = {isa = PBXBuildFile; fileRef = 20301E322553483F00C7223F /* PageControl.swift */; };
		20301E382553483F00C7223F /* Home.swift in Sources */ = {isa = PBXBuildFile; fileRef = 20301E332553483F00C7223F /* Home.swift */; };
		20301E392553483F00C7223F /* CategoryRow.swift in Sources */ = {isa = PBXBuildFile; fileRef = 20301E342553483F00C7223F /* CategoryRow.swift */; };
		20301E3A2553483F00C7223F /* PageViewController.swift in Sources */ = {isa = PBXBuildFile; fileRef = 20301E352553483F00C7223F /* PageViewController.swift */; };
		20301E3B2553483F00C7223F /* PageView.swift in Sources */ = {isa = PBXBuildFile; fileRef = 20301E362553483F00C7223F /* PageView.swift */; };
		20301E412553484900C7223F /* LandmarkList.swift in Sources */ = {isa = PBXBuildFile; fileRef = 20301E3E2553484900C7223F /* LandmarkList.swift */; };
		20301E422553484900C7223F /* LandmarkDetail.swift in Sources */ = {isa = PBXBuildFile; fileRef = 20301E3F2553484900C7223F /* LandmarkDetail.swift */; };
		20301E432553484900C7223F /* LandmarkRow.swift in Sources */ = {isa = PBXBuildFile; fileRef = 20301E402553484900C7223F /* LandmarkRow.swift */; };
		20301E492553485E00C7223F /* ProfileSummary.swift in Sources */ = {isa = PBXBuildFile; fileRef = 20301E462553485E00C7223F /* ProfileSummary.swift */; };
		20301E4A2553485E00C7223F /* ProfileEditor.swift in Sources */ = {isa = PBXBuildFile; fileRef = 20301E472553485E00C7223F /* ProfileEditor.swift */; };
		20301E4B2553485E00C7223F /* ProfileHost.swift in Sources */ = {isa = PBXBuildFile; fileRef = 20301E482553485E00C7223F /* ProfileHost.swift */; };
		20301E5F2553486500C7223F /* turtlerock_feature.jpg in Resources */ = {isa = PBXBuildFile; fileRef = 20301E4E2553486500C7223F /* turtlerock_feature.jpg */; };
		20301E602553486500C7223F /* charleyrivers.jpg in Resources */ = {isa = PBXBuildFile; fileRef = 20301E4F2553486500C7223F /* charleyrivers.jpg */; };
		20301E612553486500C7223F /* turtlerock.jpg in Resources */ = {isa = PBXBuildFile; fileRef = 20301E502553486500C7223F /* turtlerock.jpg */; };
		20301E622553486500C7223F /* silversalmoncreek.jpg in Resources */ = {isa = PBXBuildFile; fileRef = 20301E512553486500C7223F /* silversalmoncreek.jpg */; };
		20301E632553486500C7223F /* hikeData.json in Resources */ = {isa = PBXBuildFile; fileRef = 20301E522553486500C7223F /* hikeData.json */; };
		20301E642553486500C7223F /* icybay.jpg in Resources */ = {isa = PBXBuildFile; fileRef = 20301E532553486500C7223F /* icybay.jpg */; };
		20301E652553486500C7223F /* lakemcdonald.jpg in Resources */ = {isa = PBXBuildFile; fileRef = 20301E542553486500C7223F /* lakemcdonald.jpg */; };
		20301E662553486500C7223F /* hiddenlake.jpg in Resources */ = {isa = PBXBuildFile; fileRef = 20301E552553486500C7223F /* hiddenlake.jpg */; };
		20301E672553486500C7223F /* twinlake.jpg in Resources */ = {isa = PBXBuildFile; fileRef = 20301E562553486500C7223F /* twinlake.jpg */; };
		20301E682553486500C7223F /* charleyrivers_feature.jpg in Resources */ = {isa = PBXBuildFile; fileRef = 20301E572553486500C7223F /* charleyrivers_feature.jpg */; };
		20301E692553486500C7223F /* umbagog.jpg in Resources */ = {isa = PBXBuildFile; fileRef = 20301E582553486500C7223F /* umbagog.jpg */; };
		20301E6A2553486500C7223F /* landmarkData.json in Resources */ = {isa = PBXBuildFile; fileRef = 20301E592553486500C7223F /* landmarkData.json */; };
		20301E6B2553486500C7223F /* chincoteague.jpg in Resources */ = {isa = PBXBuildFile; fileRef = 20301E5A2553486500C7223F /* chincoteague.jpg */; };
		20301E6C2553486500C7223F /* stmarylake.jpg in Resources */ = {isa = PBXBuildFile; fileRef = 20301E5B2553486500C7223F /* stmarylake.jpg */; };
		20301E6D2553486500C7223F /* chilkoottrail.jpg in Resources */ = {isa = PBXBuildFile; fileRef = 20301E5C2553486500C7223F /* chilkoottrail.jpg */; };
		20301E6E2553486500C7223F /* stmarylake_feature.jpg in Resources */ = {isa = PBXBuildFile; fileRef = 20301E5D2553486500C7223F /* stmarylake_feature.jpg */; };
		20301E6F2553486500C7223F /* rainbowlake.jpg in Resources */ = {isa = PBXBuildFile; fileRef = 20301E5E2553486500C7223F /* rainbowlake.jpg */; };
		20A20F0E255369CC000659AF /* vegas.jpg in Resources */ = {isa = PBXBuildFile; fileRef = 20A20F0D255369CC000659AF /* vegas.jpg */; };
		20A20F11255369D2000659AF /* phili.jpg in Resources */ = {isa = PBXBuildFile; fileRef = 20A20F10255369D2000659AF /* phili.jpg */; };
		20A20F14255369D8000659AF /* trash.jpg in Resources */ = {isa = PBXBuildFile; fileRef = 20A20F13255369D8000659AF /* trash.jpg */; };
		20A20F17255369DC000659AF /* silicon.jpg in Resources */ = {isa = PBXBuildFile; fileRef = 20A20F16255369DC000659AF /* silicon.jpg */; };
		20A20F1A255369E2000659AF /* kilauea.jpg in Resources */ = {isa = PBXBuildFile; fileRef = 20A20F19255369E2000659AF /* kilauea.jpg */; };
		20A20F1D255369E6000659AF /* mojave.jpg in Resources */ = {isa = PBXBuildFile; fileRef = 20A20F1C255369E6000659AF /* mojave.jpg */; };
		20A20F20255369EA000659AF /* pantex.jpg in Resources */ = {isa = PBXBuildFile; fileRef = 20A20F1F255369EA000659AF /* pantex.jpg */; };
		20A20F23255369EF000659AF /* manhattan.jpg in Resources */ = {isa = PBXBuildFile; fileRef = 20A20F22255369EF000659AF /* manhattan.jpg */; };
		20A20F26255369F3000659AF /* malibu.jpg in Resources */ = {isa = PBXBuildFile; fileRef = 20A20F25255369F3000659AF /* malibu.jpg */; };
		20A20F29255369FF000659AF /* 51.jpg in Resources */ = {isa = PBXBuildFile; fileRef = 20A20F28255369FF000659AF /* 51.jpg */; };
		20A20F2C25536A03000659AF /* beecave.jpg in Resources */ = {isa = PBXBuildFile; fileRef = 20A20F2B25536A03000659AF /* beecave.jpg */; };
		20A20F2F25536A07000659AF /* anchorage.jpg in Resources */ = {isa = PBXBuildFile; fileRef = 20A20F2E25536A07000659AF /* anchorage.jpg */; };
		20A20F3225536A0E000659AF /* explorer.jpg in Resources */ = {isa = PBXBuildFile; fileRef = 20A20F3125536A0E000659AF /* explorer.jpg */; };
		20A20F3525536A13000659AF /* hogsmeade.jpg in Resources */ = {isa = PBXBuildFile; fileRef = 20A20F3425536A13000659AF /* hogsmeade.jpg */; };
		20A20F3825536C08000659AF /* reef.jpeg in Resources */ = {isa = PBXBuildFile; fileRef = 20A20F3725536C08000659AF /* reef.jpeg */; };
/* End PBXBuildFile section */

/* Begin PBXFileReference section */
		20301DE72553463900C7223F /* Landmarks_WTG.app */ = {isa = PBXFileReference; explicitFileType = wrapper.application; includeInIndex = 0; path = Landmarks_WTG.app; sourceTree = BUILT_PRODUCTS_DIR; };
		20301DEE2553463900C7223F /* ContentView.swift */ = {isa = PBXFileReference; lastKnownFileType = sourcecode.swift; path = ContentView.swift; sourceTree = "<group>"; };
		20301DF02553463C00C7223F /* Assets.xcassets */ = {isa = PBXFileReference; lastKnownFileType = folder.assetcatalog; path = Assets.xcassets; sourceTree = "<group>"; };
		20301DF32553463C00C7223F /* Preview Assets.xcassets */ = {isa = PBXFileReference; lastKnownFileType = folder.assetcatalog; path = "Preview Assets.xcassets"; sourceTree = "<group>"; };
		20301DF62553463C00C7223F /* Base */ = {isa = PBXFileReference; lastKnownFileType = file.storyboard; name = Base; path = Base.lproj/LaunchScreen.storyboard; sourceTree = "<group>"; };
		20301DF82553463C00C7223F /* Info.plist */ = {isa = PBXFileReference; lastKnownFileType = text.plist.xml; path = Info.plist; sourceTree = "<group>"; };
		20301DFF2553474800C7223F /* AppDelegate.swift */ = {isa = PBXFileReference; fileEncoding = 4; lastKnownFileType = sourcecode.swift; path = AppDelegate.swift; sourceTree = "<group>"; };
		20301E032553478100C7223F /* SceneDelegate.swift */ = {isa = PBXFileReference; fileEncoding = 4; lastKnownFileType = sourcecode.swift; path = SceneDelegate.swift; sourceTree = "<group>"; };
		20301E08255347E200C7223F /* FeatureCard.swift */ = {isa = PBXFileReference; fileEncoding = 4; lastKnownFileType = sourcecode.swift; path = FeatureCard.swift; sourceTree = "<group>"; };
		20301E09255347E200C7223F /* RotatedBadgeSymbol.swift */ = {isa = PBXFileReference; fileEncoding = 4; lastKnownFileType = sourcecode.swift; path = RotatedBadgeSymbol.swift; sourceTree = "<group>"; };
		20301E0A255347E200C7223F /* MapView.swift */ = {isa = PBXFileReference; fileEncoding = 4; lastKnownFileType = sourcecode.swift; path = MapView.swift; sourceTree = "<group>"; };
		20301E0B255347E200C7223F /* CircleImage.swift */ = {isa = PBXFileReference; fileEncoding = 4; lastKnownFileType = sourcecode.swift; path = CircleImage.swift; sourceTree = "<group>"; };
		20301E0C255347E200C7223F /* BadgeSymbol.swift */ = {isa = PBXFileReference; fileEncoding = 4; lastKnownFileType = sourcecode.swift; path = BadgeSymbol.swift; sourceTree = "<group>"; };
		20301E0D255347E200C7223F /* BadgeBackground.swift */ = {isa = PBXFileReference; fileEncoding = 4; lastKnownFileType = sourcecode.swift; path = BadgeBackground.swift; sourceTree = "<group>"; };
		20301E0E255347E200C7223F /* Badge.swift */ = {isa = PBXFileReference; fileEncoding = 4; lastKnownFileType = sourcecode.swift; path = Badge.swift; sourceTree = "<group>"; };
		20301E182553480F00C7223F /* GraphCapsule.swift */ = {isa = PBXFileReference; fileEncoding = 4; lastKnownFileType = sourcecode.swift; path = GraphCapsule.swift; sourceTree = "<group>"; };
		20301E192553480F00C7223F /* HikeGraph.swift */ = {isa = PBXFileReference; fileEncoding = 4; lastKnownFileType = sourcecode.swift; path = HikeGraph.swift; sourceTree = "<group>"; };
		20301E1A2553480F00C7223F /* HikeBadge.swift */ = {isa = PBXFileReference; fileEncoding = 4; lastKnownFileType = sourcecode.swift; path = HikeBadge.swift; sourceTree = "<group>"; };
		20301E1B2553480F00C7223F /* HikeDetail.swift */ = {isa = PBXFileReference; fileEncoding = 4; lastKnownFileType = sourcecode.swift; path = HikeDetail.swift; sourceTree = "<group>"; };
		20301E1C2553480F00C7223F /* HexagonParameters.swift */ = {isa = PBXFileReference; fileEncoding = 4; lastKnownFileType = sourcecode.swift; path = HexagonParameters.swift; sourceTree = "<group>"; };
		20301E1D2553480F00C7223F /* HikeView.swift */ = {isa = PBXFileReference; fileEncoding = 4; lastKnownFileType = sourcecode.swift; path = HikeView.swift; sourceTree = "<group>"; };
		20301E262553483700C7223F /* Data.swift */ = {isa = PBXFileReference; fileEncoding = 4; lastKnownFileType = sourcecode.swift; path = Data.swift; sourceTree = "<group>"; };
		20301E272553483700C7223F /* Profile.swift */ = {isa = PBXFileReference; fileEncoding = 4; lastKnownFileType = sourcecode.swift; path = Profile.swift; sourceTree = "<group>"; };
		20301E282553483700C7223F /* UserData.swift */ = {isa = PBXFileReference; fileEncoding = 4; lastKnownFileType = sourcecode.swift; path = UserData.swift; sourceTree = "<group>"; };
		20301E292553483700C7223F /* Hike.swift */ = {isa = PBXFileReference; fileEncoding = 4; lastKnownFileType = sourcecode.swift; path = Hike.swift; sourceTree = "<group>"; };
		20301E2A2553483700C7223F /* Landmark.swift */ = {isa = PBXFileReference; fileEncoding = 4; lastKnownFileType = sourcecode.swift; path = Landmark.swift; sourceTree = "<group>"; };
		20301E322553483F00C7223F /* PageControl.swift */ = {isa = PBXFileReference; fileEncoding = 4; lastKnownFileType = sourcecode.swift; path = PageControl.swift; sourceTree = "<group>"; };
		20301E332553483F00C7223F /* Home.swift */ = {isa = PBXFileReference; fileEncoding = 4; lastKnownFileType = sourcecode.swift; path = Home.swift; sourceTree = "<group>"; };
		20301E342553483F00C7223F /* CategoryRow.swift */ = {isa = PBXFileReference; fileEncoding = 4; lastKnownFileType = sourcecode.swift; path = CategoryRow.swift; sourceTree = "<group>"; };
		20301E352553483F00C7223F /* PageViewController.swift */ = {isa = PBXFileReference; fileEncoding = 4; lastKnownFileType = sourcecode.swift; path = PageViewController.swift; sourceTree = "<group>"; };
		20301E362553483F00C7223F /* PageView.swift */ = {isa = PBXFileReference; fileEncoding = 4; lastKnownFileType = sourcecode.swift; path = PageView.swift; sourceTree = "<group>"; };
		20301E3E2553484900C7223F /* LandmarkList.swift */ = {isa = PBXFileReference; fileEncoding = 4; lastKnownFileType = sourcecode.swift; path = LandmarkList.swift; sourceTree = "<group>"; };
		20301E3F2553484900C7223F /* LandmarkDetail.swift */ = {isa = PBXFileReference; fileEncoding = 4; lastKnownFileType = sourcecode.swift; path = LandmarkDetail.swift; sourceTree = "<group>"; };
		20301E402553484900C7223F /* LandmarkRow.swift */ = {isa = PBXFileReference; fileEncoding = 4; lastKnownFileType = sourcecode.swift; path = LandmarkRow.swift; sourceTree = "<group>"; };
		20301E462553485E00C7223F /* ProfileSummary.swift */ = {isa = PBXFileReference; fileEncoding = 4; lastKnownFileType = sourcecode.swift; path = ProfileSummary.swift; sourceTree = "<group>"; };
		20301E472553485E00C7223F /* ProfileEditor.swift */ = {isa = PBXFileReference; fileEncoding = 4; lastKnownFileType = sourcecode.swift; path = ProfileEditor.swift; sourceTree = "<group>"; };
		20301E482553485E00C7223F /* ProfileHost.swift */ = {isa = PBXFileReference; fileEncoding = 4; lastKnownFileType = sourcecode.swift; path = ProfileHost.swift; sourceTree = "<group>"; };
		20301E4E2553486500C7223F /* turtlerock_feature.jpg */ = {isa = PBXFileReference; lastKnownFileType = image.jpeg; path = turtlerock_feature.jpg; sourceTree = "<group>"; };
		20301E4F2553486500C7223F /* charleyrivers.jpg */ = {isa = PBXFileReference; lastKnownFileType = image.jpeg; path = charleyrivers.jpg; sourceTree = "<group>"; };
		20301E502553486500C7223F /* turtlerock.jpg */ = {isa = PBXFileReference; lastKnownFileType = image.jpeg; path = turtlerock.jpg; sourceTree = "<group>"; };
		20301E512553486500C7223F /* silversalmoncreek.jpg */ = {isa = PBXFileReference; lastKnownFileType = image.jpeg; path = silversalmoncreek.jpg; sourceTree = "<group>"; };
		20301E522553486500C7223F /* hikeData.json */ = {isa = PBXFileReference; fileEncoding = 4; lastKnownFileType = text.json; path = hikeData.json; sourceTree = "<group>"; };
		20301E532553486500C7223F /* icybay.jpg */ = {isa = PBXFileReference; lastKnownFileType = image.jpeg; path = icybay.jpg; sourceTree = "<group>"; };
		20301E542553486500C7223F /* lakemcdonald.jpg */ = {isa = PBXFileReference; lastKnownFileType = image.jpeg; path = lakemcdonald.jpg; sourceTree = "<group>"; };
		20301E552553486500C7223F /* hiddenlake.jpg */ = {isa = PBXFileReference; lastKnownFileType = image.jpeg; path = hiddenlake.jpg; sourceTree = "<group>"; };
		20301E562553486500C7223F /* twinlake.jpg */ = {isa = PBXFileReference; lastKnownFileType = image.jpeg; path = twinlake.jpg; sourceTree = "<group>"; };
		20301E572553486500C7223F /* charleyrivers_feature.jpg */ = {isa = PBXFileReference; lastKnownFileType = image.jpeg; path = charleyrivers_feature.jpg; sourceTree = "<group>"; };
		20301E582553486500C7223F /* umbagog.jpg */ = {isa = PBXFileReference; lastKnownFileType = image.jpeg; path = umbagog.jpg; sourceTree = "<group>"; };
		20301E592553486500C7223F /* landmarkData.json */ = {isa = PBXFileReference; fileEncoding = 4; lastKnownFileType = text.json; path = landmarkData.json; sourceTree = "<group>"; };
		20301E5A2553486500C7223F /* chincoteague.jpg */ = {isa = PBXFileReference; lastKnownFileType = image.jpeg; path = chincoteague.jpg; sourceTree = "<group>"; };
		20301E5B2553486500C7223F /* stmarylake.jpg */ = {isa = PBXFileReference; lastKnownFileType = image.jpeg; path = stmarylake.jpg; sourceTree = "<group>"; };
		20301E5C2553486500C7223F /* chilkoottrail.jpg */ = {isa = PBXFileReference; lastKnownFileType = image.jpeg; path = chilkoottrail.jpg; sourceTree = "<group>"; };
		20301E5D2553486500C7223F /* stmarylake_feature.jpg */ = {isa = PBXFileReference; lastKnownFileType = image.jpeg; path = stmarylake_feature.jpg; sourceTree = "<group>"; };
		20301E5E2553486500C7223F /* rainbowlake.jpg */ = {isa = PBXFileReference; lastKnownFileType = image.jpeg; path = rainbowlake.jpg; sourceTree = "<group>"; };
		20A20F0D255369CC000659AF /* vegas.jpg */ = {isa = PBXFileReference; lastKnownFileType = image.jpeg; path = vegas.jpg; sourceTree = "<group>"; };
		20A20F10255369D2000659AF /* phili.jpg */ = {isa = PBXFileReference; lastKnownFileType = image.jpeg; path = phili.jpg; sourceTree = "<group>"; };
		20A20F13255369D8000659AF /* trash.jpg */ = {isa = PBXFileReference; lastKnownFileType = image.jpeg; path = trash.jpg; sourceTree = "<group>"; };
		20A20F16255369DC000659AF /* silicon.jpg */ = {isa = PBXFileReference; lastKnownFileType = image.jpeg; path = silicon.jpg; sourceTree = "<group>"; };
		20A20F19255369E2000659AF /* kilauea.jpg */ = {isa = PBXFileReference; lastKnownFileType = image.jpeg; path = kilauea.jpg; sourceTree = "<group>"; };
		20A20F1C255369E6000659AF /* mojave.jpg */ = {isa = PBXFileReference; lastKnownFileType = image.jpeg; path = mojave.jpg; sourceTree = "<group>"; };
		20A20F1F255369EA000659AF /* pantex.jpg */ = {isa = PBXFileReference; lastKnownFileType = image.jpeg; path = pantex.jpg; sourceTree = "<group>"; };
		20A20F22255369EF000659AF /* manhattan.jpg */ = {isa = PBXFileReference; lastKnownFileType = image.jpeg; path = manhattan.jpg; sourceTree = "<group>"; };
		20A20F25255369F3000659AF /* malibu.jpg */ = {isa = PBXFileReference; lastKnownFileType = image.jpeg; path = malibu.jpg; sourceTree = "<group>"; };
		20A20F28255369FF000659AF /* 51.jpg */ = {isa = PBXFileReference; lastKnownFileType = image.jpeg; path = 51.jpg; sourceTree = "<group>"; };
		20A20F2B25536A03000659AF /* beecave.jpg */ = {isa = PBXFileReference; lastKnownFileType = image.jpeg; path = beecave.jpg; sourceTree = "<group>"; };
		20A20F2E25536A07000659AF /* anchorage.jpg */ = {isa = PBXFileReference; lastKnownFileType = image.jpeg; path = anchorage.jpg; sourceTree = "<group>"; };
		20A20F3125536A0E000659AF /* explorer.jpg */ = {isa = PBXFileReference; lastKnownFileType = image.jpeg; path = explorer.jpg; sourceTree = "<group>"; };
		20A20F3425536A13000659AF /* hogsmeade.jpg */ = {isa = PBXFileReference; lastKnownFileType = image.jpeg; path = hogsmeade.jpg; sourceTree = "<group>"; };
		20A20F3725536C08000659AF /* reef.jpeg */ = {isa = PBXFileReference; lastKnownFileType = image.jpeg; path = reef.jpeg; sourceTree = "<group>"; };
/* End PBXFileReference section */

/* Begin PBXFrameworksBuildPhase section */
		20301DE42553463900C7223F /* Frameworks */ = {
			isa = PBXFrameworksBuildPhase;
			buildActionMask = 2147483647;
			files = (
			);
			runOnlyForDeploymentPostprocessing = 0;
		};
/* End PBXFrameworksBuildPhase section */

/* Begin PBXGroup section */
		20301DDE2553463800C7223F = {
			isa = PBXGroup;
			children = (
				20301DE92553463900C7223F /* Landmarks_WTG */,
				20301DE82553463900C7223F /* Products */,
			);
			sourceTree = "<group>";
		};
		20301DE82553463900C7223F /* Products */ = {
			isa = PBXGroup;
			children = (
				20301DE72553463900C7223F /* Landmarks_WTG.app */,
			);
			name = Products;
			sourceTree = "<group>";
		};
		20301DE92553463900C7223F /* Landmarks_WTG */ = {
			isa = PBXGroup;
			children = (
				20301DFF2553474800C7223F /* AppDelegate.swift */,
				20301E032553478100C7223F /* SceneDelegate.swift */,
				20301DEE2553463900C7223F /* ContentView.swift */,
				20301E4D2553486500C7223F /* Resources */,
				20301E452553485E00C7223F /* Profile */,
				20301E3D2553484900C7223F /* Landmark Views */,
				20301E312553483F00C7223F /* Home */,
				20301E252553483700C7223F /* Models */,
				20301E172553480F00C7223F /* Hike */,
				20301E07255347E200C7223F /* Supporting Views WTG */,
				20301DF02553463C00C7223F /* Assets.xcassets */,
				20301DF52553463C00C7223F /* LaunchScreen.storyboard */,
				20301DF82553463C00C7223F /* Info.plist */,
				20301DF22553463C00C7223F /* Preview Content */,
			);
			path = Landmarks_WTG;
			sourceTree = "<group>";
		};
		20301DF22553463C00C7223F /* Preview Content */ = {
			isa = PBXGroup;
			children = (
				20301DF32553463C00C7223F /* Preview Assets.xcassets */,
			);
			path = "Preview Content";
			sourceTree = "<group>";
		};
		20301E07255347E200C7223F /* Supporting Views WTG */ = {
			isa = PBXGroup;
			children = (
				20301E08255347E200C7223F /* FeatureCard.swift */,
				20301E09255347E200C7223F /* RotatedBadgeSymbol.swift */,
				20301E0A255347E200C7223F /* MapView.swift */,
				20301E0B255347E200C7223F /* CircleImage.swift */,
				20301E0C255347E200C7223F /* BadgeSymbol.swift */,
				20301E0D255347E200C7223F /* BadgeBackground.swift */,
				20301E0E255347E200C7223F /* Badge.swift */,
			);
			path = "Supporting Views WTG";
			sourceTree = "<group>";
		};
		20301E172553480F00C7223F /* Hike */ = {
			isa = PBXGroup;
			children = (
				20301E182553480F00C7223F /* GraphCapsule.swift */,
				20301E192553480F00C7223F /* HikeGraph.swift */,
				20301E1A2553480F00C7223F /* HikeBadge.swift */,
				20301E1B2553480F00C7223F /* HikeDetail.swift */,
				20301E1C2553480F00C7223F /* HexagonParameters.swift */,
				20301E1D2553480F00C7223F /* HikeView.swift */,
			);
			path = Hike;
			sourceTree = "<group>";
		};
		20301E252553483700C7223F /* Models */ = {
			isa = PBXGroup;
			children = (
				20301E262553483700C7223F /* Data.swift */,
				20301E272553483700C7223F /* Profile.swift */,
				20301E282553483700C7223F /* UserData.swift */,
				20301E292553483700C7223F /* Hike.swift */,
				20301E2A2553483700C7223F /* Landmark.swift */,
			);
			path = Models;
			sourceTree = "<group>";
		};
		20301E312553483F00C7223F /* Home */ = {
			isa = PBXGroup;
			children = (
				20301E322553483F00C7223F /* PageControl.swift */,
				20301E332553483F00C7223F /* Home.swift */,
				20301E342553483F00C7223F /* CategoryRow.swift */,
				20301E352553483F00C7223F /* PageViewController.swift */,
				20301E362553483F00C7223F /* PageView.swift */,
			);
			path = Home;
			sourceTree = "<group>";
		};
		20301E3D2553484900C7223F /* Landmark Views */ = {
			isa = PBXGroup;
			children = (
				20301E3E2553484900C7223F /* LandmarkList.swift */,
				20301E3F2553484900C7223F /* LandmarkDetail.swift */,
				20301E402553484900C7223F /* LandmarkRow.swift */,
			);
			path = "Landmark Views";
			sourceTree = "<group>";
		};
		20301E452553485E00C7223F /* Profile */ = {
			isa = PBXGroup;
			children = (
				20301E462553485E00C7223F /* ProfileSummary.swift */,
				20301E472553485E00C7223F /* ProfileEditor.swift */,
				20301E482553485E00C7223F /* ProfileHost.swift */,
			);
			path = Profile;
			sourceTree = "<group>";
		};
		20301E4D2553486500C7223F /* Resources */ = {
			isa = PBXGroup;
			children = (
				20301E4E2553486500C7223F /* turtlerock_feature.jpg */,
				20301E4F2553486500C7223F /* charleyrivers.jpg */,
				20301E502553486500C7223F /* turtlerock.jpg */,
				20301E512553486500C7223F /* silversalmoncreek.jpg */,
				20301E522553486500C7223F /* hikeData.json */,
				20301E532553486500C7223F /* icybay.jpg */,
				20301E542553486500C7223F /* lakemcdonald.jpg */,
				20301E552553486500C7223F /* hiddenlake.jpg */,
				20301E562553486500C7223F /* twinlake.jpg */,
				20301E572553486500C7223F /* charleyrivers_feature.jpg */,
				20301E582553486500C7223F /* umbagog.jpg */,
				20301E592553486500C7223F /* landmarkData.json */,
				20301E5A2553486500C7223F /* chincoteague.jpg */,
				20301E5B2553486500C7223F /* stmarylake.jpg */,
				20301E5C2553486500C7223F /* chilkoottrail.jpg */,
				20301E5D2553486500C7223F /* stmarylake_feature.jpg */,
				20301E5E2553486500C7223F /* rainbowlake.jpg */,
				20A20F0D255369CC000659AF /* vegas.jpg */,
				20A20F10255369D2000659AF /* phili.jpg */,
				20A20F13255369D8000659AF /* trash.jpg */,
				20A20F16255369DC000659AF /* silicon.jpg */,
				20A20F19255369E2000659AF /* kilauea.jpg */,
				20A20F1C255369E6000659AF /* mojave.jpg */,
				20A20F1F255369EA000659AF /* pantex.jpg */,
				20A20F22255369EF000659AF /* manhattan.jpg */,
				20A20F25255369F3000659AF /* malibu.jpg */,
				20A20F28255369FF000659AF /* 51.jpg */,
				20A20F2B25536A03000659AF /* beecave.jpg */,
				20A20F2E25536A07000659AF /* anchorage.jpg */,
				20A20F3125536A0E000659AF /* explorer.jpg */,
				20A20F3425536A13000659AF /* hogsmeade.jpg */,
				20A20F3725536C08000659AF /* reef.jpeg */,
			);
			path = Resources;
			sourceTree = "<group>";
		};
/* End PBXGroup section */

/* Begin PBXNativeTarget section */
		20301DE62553463900C7223F /* Landmarks_WTG */ = {
			isa = PBXNativeTarget;
			buildConfigurationList = 20301DFB2553463C00C7223F /* Build configuration list for PBXNativeTarget "Landmarks_WTG" */;
			buildPhases = (
				20301DE32553463900C7223F /* Sources */,
				20301DE42553463900C7223F /* Frameworks */,
				20301DE52553463900C7223F /* Resources */,
			);
			buildRules = (
			);
			dependencies = (
			);
			name = Landmarks_WTG;
			productName = Landmarks_WTG;
			productReference = 20301DE72553463900C7223F /* Landmarks_WTG.app */;
			productType = "com.apple.product-type.application";
		};
/* End PBXNativeTarget section */

/* Begin PBXProject section */
		20301DDF2553463800C7223F /* Project object */ = {
			isa = PBXProject;
			attributes = {
				LastSwiftUpdateCheck = 1200;
				LastUpgradeCheck = 1200;
				TargetAttributes = {
					20301DE62553463900C7223F = {
						CreatedOnToolsVersion = 12.0.1;
					};
				};
			};
			buildConfigurationList = 20301DE22553463900C7223F /* Build configuration list for PBXProject "Landmarks_WTG" */;
			compatibilityVersion = "Xcode 9.3";
			developmentRegion = en;
			hasScannedForEncodings = 0;
			knownRegions = (
				en,
				Base,
			);
			mainGroup = 20301DDE2553463800C7223F;
			productRefGroup = 20301DE82553463900C7223F /* Products */;
			projectDirPath = "";
			projectRoot = "";
			targets = (
				20301DE62553463900C7223F /* Landmarks_WTG */,
			);
		};
/* End PBXProject section */

/* Begin PBXResourcesBuildPhase section */
		20301DE52553463900C7223F /* Resources */ = {
			isa = PBXResourcesBuildPhase;
			buildActionMask = 2147483647;
			files = (
				20A20F2C25536A03000659AF /* beecave.jpg in Resources */,
				20301E632553486500C7223F /* hikeData.json in Resources */,
				20301E6F2553486500C7223F /* rainbowlake.jpg in Resources */,
				20301E6D2553486500C7223F /* chilkoottrail.jpg in Resources */,
				20A20F2F25536A07000659AF /* anchorage.jpg in Resources */,
				20A20F1D255369E6000659AF /* mojave.jpg in Resources */,
				20301E602553486500C7223F /* charleyrivers.jpg in Resources */,
				20301E692553486500C7223F /* umbagog.jpg in Resources */,
				20A20F14255369D8000659AF /* trash.jpg in Resources */,
				20301DF72553463C00C7223F /* LaunchScreen.storyboard in Resources */,
				20301E612553486500C7223F /* turtlerock.jpg in Resources */,
				20301DF42553463C00C7223F /* Preview Assets.xcassets in Resources */,
				20301E662553486500C7223F /* hiddenlake.jpg in Resources */,
				20A20F26255369F3000659AF /* malibu.jpg in Resources */,
				20301E672553486500C7223F /* twinlake.jpg in Resources */,
				20A20F3225536A0E000659AF /* explorer.jpg in Resources */,
				20A20F23255369EF000659AF /* manhattan.jpg in Resources */,
				20A20F20255369EA000659AF /* pantex.jpg in Resources */,
				20A20F17255369DC000659AF /* silicon.jpg in Resources */,
				20A20F11255369D2000659AF /* phili.jpg in Resources */,
				20301E6A2553486500C7223F /* landmarkData.json in Resources */,
				20301E622553486500C7223F /* silversalmoncreek.jpg in Resources */,
				20A20F3825536C08000659AF /* reef.jpeg in Resources */,
				20301E6E2553486500C7223F /* stmarylake_feature.jpg in Resources */,
				20301E652553486500C7223F /* lakemcdonald.jpg in Resources */,
				20301E682553486500C7223F /* charleyrivers_feature.jpg in Resources */,
				20301E6C2553486500C7223F /* stmarylake.jpg in Resources */,
				20A20F0E255369CC000659AF /* vegas.jpg in Resources */,
				20301DF12553463C00C7223F /* Assets.xcassets in Resources */,
				20A20F29255369FF000659AF /* 51.jpg in Resources */,
				20301E642553486500C7223F /* icybay.jpg in Resources */,
				20A20F1A255369E2000659AF /* kilauea.jpg in Resources */,
				20A20F3525536A13000659AF /* hogsmeade.jpg in Resources */,
				20301E6B2553486500C7223F /* chincoteague.jpg in Resources */,
				20301E5F2553486500C7223F /* turtlerock_feature.jpg in Resources */,
			);
			runOnlyForDeploymentPostprocessing = 0;
		};
/* End PBXResourcesBuildPhase section */

/* Begin PBXSourcesBuildPhase section */
		20301DE32553463900C7223F /* Sources */ = {
			isa = PBXSourcesBuildPhase;
			buildActionMask = 2147483647;
			files = (
				20301E222553480F00C7223F /* HexagonParameters.swift in Sources */,
				20301E002553474800C7223F /* AppDelegate.swift in Sources */,
				20301E492553485E00C7223F /* ProfileSummary.swift in Sources */,
				20301E1F2553480F00C7223F /* HikeGraph.swift in Sources */,
				20301E2D2553483700C7223F /* UserData.swift in Sources */,
				20301E15255347E200C7223F /* Badge.swift in Sources */,
				20301E202553480F00C7223F /* HikeBadge.swift in Sources */,
				20301E4A2553485E00C7223F /* ProfileEditor.swift in Sources */,
				20301E232553480F00C7223F /* HikeView.swift in Sources */,
				20301E11255347E200C7223F /* MapView.swift in Sources */,
				20301E372553483F00C7223F /* PageControl.swift in Sources */,
				20301E2C2553483700C7223F /* Profile.swift in Sources */,
				20301E432553484900C7223F /* LandmarkRow.swift in Sources */,
				20301E392553483F00C7223F /* CategoryRow.swift in Sources */,
				20301E3A2553483F00C7223F /* PageViewController.swift in Sources */,
				20301DEF2553463900C7223F /* ContentView.swift in Sources */,
				20301E412553484900C7223F /* LandmarkList.swift in Sources */,
				20301E2E2553483700C7223F /* Hike.swift in Sources */,
				20301E12255347E200C7223F /* CircleImage.swift in Sources */,
				20301E382553483F00C7223F /* Home.swift in Sources */,
				20301E14255347E200C7223F /* BadgeBackground.swift in Sources */,
				20301E3B2553483F00C7223F /* PageView.swift in Sources */,
				20301E1E2553480F00C7223F /* GraphCapsule.swift in Sources */,
				20301E422553484900C7223F /* LandmarkDetail.swift in Sources */,
				20301E2F2553483700C7223F /* Landmark.swift in Sources */,
				20301E0F255347E200C7223F /* FeatureCard.swift in Sources */,
				20301E13255347E200C7223F /* BadgeSymbol.swift in Sources */,
				20301E4B2553485E00C7223F /* ProfileHost.swift in Sources */,
				20301E2B2553483700C7223F /* Data.swift in Sources */,
				20301E212553480F00C7223F /* HikeDetail.swift in Sources */,
				20301E10255347E200C7223F /* RotatedBadgeSymbol.swift in Sources */,
				20301E042553478100C7223F /* SceneDelegate.swift in Sources */,
			);
			runOnlyForDeploymentPostprocessing = 0;
		};
/* End PBXSourcesBuildPhase section */

/* Begin PBXVariantGroup section */
		20301DF52553463C00C7223F /* LaunchScreen.storyboard */ = {
			isa = PBXVariantGroup;
			children = (
				20301DF62553463C00C7223F /* Base */,
			);
			name = LaunchScreen.storyboard;
			sourceTree = "<group>";
		};
/* End PBXVariantGroup section */

/* Begin XCBuildConfiguration section */
		20301DF92553463C00C7223F /* Debug */ = {
			isa = XCBuildConfiguration;
			buildSettings = {
				ALWAYS_SEARCH_USER_PATHS = NO;
				CLANG_ANALYZER_NONNULL = YES;
				CLANG_ANALYZER_NUMBER_OBJECT_CONVERSION = YES_AGGRESSIVE;
				CLANG_CXX_LANGUAGE_STANDARD = "gnu++14";
				CLANG_CXX_LIBRARY = "libc++";
				CLANG_ENABLE_MODULES = YES;
				CLANG_ENABLE_OBJC_ARC = YES;
				CLANG_ENABLE_OBJC_WEAK = YES;
				CLANG_WARN_BLOCK_CAPTURE_AUTORELEASING = YES;
				CLANG_WARN_BOOL_CONVERSION = YES;
				CLANG_WARN_COMMA = YES;
				CLANG_WARN_CONSTANT_CONVERSION = YES;
				CLANG_WARN_DEPRECATED_OBJC_IMPLEMENTATIONS = YES;
				CLANG_WARN_DIRECT_OBJC_ISA_USAGE = YES_ERROR;
				CLANG_WARN_DOCUMENTATION_COMMENTS = YES;
				CLANG_WARN_EMPTY_BODY = YES;
				CLANG_WARN_ENUM_CONVERSION = YES;
				CLANG_WARN_INFINITE_RECURSION = YES;
				CLANG_WARN_INT_CONVERSION = YES;
				CLANG_WARN_NON_LITERAL_NULL_CONVERSION = YES;
				CLANG_WARN_OBJC_IMPLICIT_RETAIN_SELF = YES;
				CLANG_WARN_OBJC_LITERAL_CONVERSION = YES;
				CLANG_WARN_OBJC_ROOT_CLASS = YES_ERROR;
				CLANG_WARN_QUOTED_INCLUDE_IN_FRAMEWORK_HEADER = YES;
				CLANG_WARN_RANGE_LOOP_ANALYSIS = YES;
				CLANG_WARN_STRICT_PROTOTYPES = YES;
				CLANG_WARN_SUSPICIOUS_MOVE = YES;
				CLANG_WARN_UNGUARDED_AVAILABILITY = YES_AGGRESSIVE;
				CLANG_WARN_UNREACHABLE_CODE = YES;
				CLANG_WARN__DUPLICATE_METHOD_MATCH = YES;
				COPY_PHASE_STRIP = NO;
				DEBUG_INFORMATION_FORMAT = dwarf;
				ENABLE_STRICT_OBJC_MSGSEND = YES;
				ENABLE_TESTABILITY = YES;
				GCC_C_LANGUAGE_STANDARD = gnu11;
				GCC_DYNAMIC_NO_PIC = NO;
				GCC_NO_COMMON_BLOCKS = YES;
				GCC_OPTIMIZATION_LEVEL = 0;
				GCC_PREPROCESSOR_DEFINITIONS = (
					"DEBUG=1",
					"$(inherited)",
				);
				GCC_WARN_64_TO_32_BIT_CONVERSION = YES;
				GCC_WARN_ABOUT_RETURN_TYPE = YES_ERROR;
				GCC_WARN_UNDECLARED_SELECTOR = YES;
				GCC_WARN_UNINITIALIZED_AUTOS = YES_AGGRESSIVE;
				GCC_WARN_UNUSED_FUNCTION = YES;
				GCC_WARN_UNUSED_VARIABLE = YES;
				IPHONEOS_DEPLOYMENT_TARGET = 14.0;
				MTL_ENABLE_DEBUG_INFO = INCLUDE_SOURCE;
				MTL_FAST_MATH = YES;
				ONLY_ACTIVE_ARCH = YES;
				SDKROOT = iphoneos;
				SWIFT_ACTIVE_COMPILATION_CONDITIONS = DEBUG;
				SWIFT_OPTIMIZATION_LEVEL = "-Onone";
			};
			name = Debug;
		};
		20301DFA2553463C00C7223F /* Release */ = {
			isa = XCBuildConfiguration;
			buildSettings = {
				ALWAYS_SEARCH_USER_PATHS = NO;
				CLANG_ANALYZER_NONNULL = YES;
				CLANG_ANALYZER_NUMBER_OBJECT_CONVERSION = YES_AGGRESSIVE;
				CLANG_CXX_LANGUAGE_STANDARD = "gnu++14";
				CLANG_CXX_LIBRARY = "libc++";
				CLANG_ENABLE_MODULES = YES;
				CLANG_ENABLE_OBJC_ARC = YES;
				CLANG_ENABLE_OBJC_WEAK = YES;
				CLANG_WARN_BLOCK_CAPTURE_AUTORELEASING = YES;
				CLANG_WARN_BOOL_CONVERSION = YES;
				CLANG_WARN_COMMA = YES;
				CLANG_WARN_CONSTANT_CONVERSION = YES;
				CLANG_WARN_DEPRECATED_OBJC_IMPLEMENTATIONS = YES;
				CLANG_WARN_DIRECT_OBJC_ISA_USAGE = YES_ERROR;
				CLANG_WARN_DOCUMENTATION_COMMENTS = YES;
				CLANG_WARN_EMPTY_BODY = YES;
				CLANG_WARN_ENUM_CONVERSION = YES;
				CLANG_WARN_INFINITE_RECURSION = YES;
				CLANG_WARN_INT_CONVERSION = YES;
				CLANG_WARN_NON_LITERAL_NULL_CONVERSION = YES;
				CLANG_WARN_OBJC_IMPLICIT_RETAIN_SELF = YES;
				CLANG_WARN_OBJC_LITERAL_CONVERSION = YES;
				CLANG_WARN_OBJC_ROOT_CLASS = YES_ERROR;
				CLANG_WARN_QUOTED_INCLUDE_IN_FRAMEWORK_HEADER = YES;
				CLANG_WARN_RANGE_LOOP_ANALYSIS = YES;
				CLANG_WARN_STRICT_PROTOTYPES = YES;
				CLANG_WARN_SUSPICIOUS_MOVE = YES;
				CLANG_WARN_UNGUARDED_AVAILABILITY = YES_AGGRESSIVE;
				CLANG_WARN_UNREACHABLE_CODE = YES;
				CLANG_WARN__DUPLICATE_METHOD_MATCH = YES;
				COPY_PHASE_STRIP = NO;
				DEBUG_INFORMATION_FORMAT = "dwarf-with-dsym";
				ENABLE_NS_ASSERTIONS = NO;
				ENABLE_STRICT_OBJC_MSGSEND = YES;
				GCC_C_LANGUAGE_STANDARD = gnu11;
				GCC_NO_COMMON_BLOCKS = YES;
				GCC_WARN_64_TO_32_BIT_CONVERSION = YES;
				GCC_WARN_ABOUT_RETURN_TYPE = YES_ERROR;
				GCC_WARN_UNDECLARED_SELECTOR = YES;
				GCC_WARN_UNINITIALIZED_AUTOS = YES_AGGRESSIVE;
				GCC_WARN_UNUSED_FUNCTION = YES;
				GCC_WARN_UNUSED_VARIABLE = YES;
				IPHONEOS_DEPLOYMENT_TARGET = 14.0;
				MTL_ENABLE_DEBUG_INFO = NO;
				MTL_FAST_MATH = YES;
				SDKROOT = iphoneos;
				SWIFT_COMPILATION_MODE = wholemodule;
				SWIFT_OPTIMIZATION_LEVEL = "-O";
				VALIDATE_PRODUCT = YES;
			};
			name = Release;
		};
		20301DFC2553463C00C7223F /* Debug */ = {
			isa = XCBuildConfiguration;
			buildSettings = {
				ASSETCATALOG_COMPILER_APPICON_NAME = AppIcon;
				ASSETCATALOG_COMPILER_GLOBAL_ACCENT_COLOR_NAME = AccentColor;
				CODE_SIGN_STYLE = Automatic;
				DEVELOPMENT_ASSET_PATHS = "\"Landmarks_WTG/Preview Content\"";
				ENABLE_PREVIEWS = YES;
				INFOPLIST_FILE = Landmarks_WTG/Info.plist;
				LD_RUNPATH_SEARCH_PATHS = (
					"$(inherited)",
					"@executable_path/Frameworks",
				);
				PRODUCT_BUNDLE_IDENTIFIER = "com.acu.Landmarks-WTG";
				PRODUCT_NAME = "$(TARGET_NAME)";
				SWIFT_VERSION = 5.0;
				TARGETED_DEVICE_FAMILY = "1,2";
			};
			name = Debug;
		};
		20301DFD2553463C00C7223F /* Release */ = {
			isa = XCBuildConfiguration;
			buildSettings = {
				ASSETCATALOG_COMPILER_APPICON_NAME = AppIcon;
				ASSETCATALOG_COMPILER_GLOBAL_ACCENT_COLOR_NAME = AccentColor;
				CODE_SIGN_STYLE = Automatic;
				DEVELOPMENT_ASSET_PATHS = "\"Landmarks_WTG/Preview Content\"";
				ENABLE_PREVIEWS = YES;
				INFOPLIST_FILE = Landmarks_WTG/Info.plist;
				LD_RUNPATH_SEARCH_PATHS = (
					"$(inherited)",
					"@executable_path/Frameworks",
				);
				PRODUCT_BUNDLE_IDENTIFIER = "com.acu.Landmarks-WTG";
				PRODUCT_NAME = "$(TARGET_NAME)";
				SWIFT_VERSION = 5.0;
				TARGETED_DEVICE_FAMILY = "1,2";
			};
			name = Release;
		};
/* End XCBuildConfiguration section */

/* Begin XCConfigurationList section */
		20301DE22553463900C7223F /* Build configuration list for PBXProject "Landmarks_WTG" */ = {
			isa = XCConfigurationList;
			buildConfigurations = (
				20301DF92553463C00C7223F /* Debug */,
				20301DFA2553463C00C7223F /* Release */,
			);
			defaultConfigurationIsVisible = 0;
			defaultConfigurationName = Release;
		};
		20301DFB2553463C00C7223F /* Build configuration list for PBXNativeTarget "Landmarks_WTG" */ = {
			isa = XCConfigurationList;
			buildConfigurations = (
				20301DFC2553463C00C7223F /* Debug */,
				20301DFD2553463C00C7223F /* Release */,
			);
			defaultConfigurationIsVisible = 0;
			defaultConfigurationName = Release;
		};
/* End XCConfigurationList section */
	};
	rootObject = 20301DDF2553463800C7223F /* Project object */;
}
